// !$*UTF8*$!
{
	archiveVersion = 1;
	classes = {
	};
	objectVersion = 46;
	objects = {
/* Begin PBXBuildFile section */
		0207DA581B56EA530066E2B4 /* Images.xcassets in Resources */ = {isa = PBXBuildFile; fileRef = 0207DA571B56EA530066E2B4 /* Images.xcassets */; };
		1D3623260D0F684500981E51 /* AppDelegate.m in Sources */ = {isa = PBXBuildFile; fileRef = 1D3623250D0F684500981E51 /* AppDelegate.m */; };
		1D60589B0D05DD56006BFB54 /* main.m in Sources */ = {isa = PBXBuildFile; fileRef = 29B97316FDCFA39411CA2CEA /* main.m */; };
		301BF552109A68D80062928A /* libCordova.a in Frameworks */ = {isa = PBXBuildFile; fileRef = 301BF535109A57CC0062928A /* libCordova.a */; settings = {ATTRIBUTES = (Required, ); }; };
		302D95F114D2391D003F00A1 /* MainViewController.m in Sources */ = {isa = PBXBuildFile; fileRef = 302D95EF14D2391D003F00A1 /* MainViewController.m */; };
		302D95F214D2391D003F00A1 /* MainViewController.xib in Resources */ = {isa = PBXBuildFile; fileRef = 302D95F014D2391D003F00A1 /* MainViewController.xib */; };
		6AFF5BF91D6E424B00AB3073 /* CDVLaunchScreen.storyboard in Resources */ = {isa = PBXBuildFile; fileRef = 6AFF5BF81D6E424B00AB3073 /* CDVLaunchScreen.storyboard */; };
		62EF8B37D5B043039918C88B /* CDVFile.m in Sources */ = {isa = PBXBuildFile; fileRef = 2C0D35CC8B0B48D0BF7E017D /* CDVFile.m */; };
		E23487E4CFCF4BBEBE0F1ECA /* CDVLocalFilesystem.m in Sources */ = {isa = PBXBuildFile; fileRef = CE4185EA97154F26A41C3938 /* CDVLocalFilesystem.m */; };
		DEB4A360A81147C0B9F7A572 /* CDVAssetLibraryFilesystem.m in Sources */ = {isa = PBXBuildFile; fileRef = 40FCFE03573A459B99DD2C5D /* CDVAssetLibraryFilesystem.m */; };
		27072D6FFB3F43A3A0107421 /* CordovaHttpPlugin.m in Sources */ = {isa = PBXBuildFile; fileRef = 2FCB376900364C7C8EFD9F5E /* CordovaHttpPlugin.m */; };
		6D08A0A23F9F4E0BADF37AC0 /* BinaryResponseSerializer.m in Sources */ = {isa = PBXBuildFile; fileRef = F13E97FFAEB14CDC9AB4FFE2 /* BinaryResponseSerializer.m */; };
		FA6CC3C9F0BB48808373C849 /* TextResponseSerializer.m in Sources */ = {isa = PBXBuildFile; fileRef = 6CB78D31634C4A82BEEA5B2E /* TextResponseSerializer.m */; };
		C21CB0532F8B424D84E1A2A2 /* TextRequestSerializer.m in Sources */ = {isa = PBXBuildFile; fileRef = AEA117A3E8E84A8B88865E4D /* TextRequestSerializer.m */; };
		FACA9BD13F06435290BDF7CA /* AFHTTPSessionManager.m in Sources */ = {isa = PBXBuildFile; fileRef = 62ACE5D89F6B45BDAB9CC85D /* AFHTTPSessionManager.m */; };
		30A29A3DC64940F5BEBFE2F3 /* AFNetworkReachabilityManager.m in Sources */ = {isa = PBXBuildFile; fileRef = 2BDE96743D884B828758BCC5 /* AFNetworkReachabilityManager.m */; };
		5E88DDF7B3BF4E869C7DCB3F /* AFSecurityPolicy.m in Sources */ = {isa = PBXBuildFile; fileRef = 9C715FEA62C3409BA19DDDD3 /* AFSecurityPolicy.m */; };
		3EB34570E5324928B5C92705 /* AFURLRequestSerialization.m in Sources */ = {isa = PBXBuildFile; fileRef = E5C0F9995F7744F0864D48D8 /* AFURLRequestSerialization.m */; };
		C6DE34356CC14676AA831EB7 /* AFURLResponseSerialization.m in Sources */ = {isa = PBXBuildFile; fileRef = FDCD58ED3E7E47E1A0951EC3 /* AFURLResponseSerialization.m */; };
		460E79A8696144938DB48666 /* AFURLSessionManager.m in Sources */ = {isa = PBXBuildFile; fileRef = 6E86F116665940B8AA295EF0 /* AFURLSessionManager.m */; };
		24A90D5F9D6A4E7F81C1316C /* SDNetworkActivityIndicator.m in Sources */ = {isa = PBXBuildFile; fileRef = 5F183A7BF3E44AE9A56B9BAD /* SDNetworkActivityIndicator.m */; };
		E59332A0E54740F9AFEC26D6 /* Security.framework in Frameworks */ = {isa = PBXBuildFile; fileRef = 104638F309844BAB8CF7434E /* Security.framework */; };
		8D4CAB399E3B454AB9B392EA /* SystemConfiguration.framework in Frameworks */ = {isa = PBXBuildFile; fileRef = D3748E383939484A83FD6A18 /* SystemConfiguration.framework */; };
		89B670B289124C36BAD5865A /* CDVCertificate.m in Sources */ = {isa = PBXBuildFile; fileRef = 41DD9839C81A44CC940DDF3E /* CDVCertificate.m */; };
		E8A71E8A085E433283F87D39 /* NSURLRequest+AllowUntrustedCertificates.m in Sources */ = {isa = PBXBuildFile; fileRef = AFF9DFB8FCF34B9A9EC7630C /* NSURLRequest+AllowUntrustedCertificates.m */; };
		19EF2D58D13E4B4F8E0097CD /* CDVDevice.m in Sources */ = {isa = PBXBuildFile; fileRef = 6B362FD718EF4A11942E5DB6 /* CDVDevice.m */; };
		8760C9C10F0A4143A5FFE0ED /* CDVNotification.m in Sources */ = {isa = PBXBuildFile; fileRef = C98EB5401AAD4C199B730F69 /* CDVNotification.m */; };
		C130C72EADDE450584270191 /* CDVNotification.bundle in Resources */ = {isa = PBXBuildFile; fileRef = A9D63712428F4EEFA610162C /* CDVNotification.bundle */; };
		30B76052161B4999962B19E6 /* AudioToolbox.framework in Frameworks */ = {isa = PBXBuildFile; fileRef = 962AB8C5C52A47D8B35E2ED3 /* AudioToolbox.framework */; settings = {ATTRIBUTES = (Weak, ); }; };
		FDB71FB1040143FDA591348A /* CDVWKWebViewEngine.m in Sources */ = {isa = PBXBuildFile; fileRef = 88C731D5F5EF4F86834B7FBC /* CDVWKWebViewEngine.m */; };
		A2E57960A15C46C49B7C58B5 /* CDVWKWebViewUIDelegate.m in Sources */ = {isa = PBXBuildFile; fileRef = 449304093A3B4720A2211073 /* CDVWKWebViewUIDelegate.m */; };
		CE092C3DF555415799248B69 /* CDVWKProcessPoolFactory.m in Sources */ = {isa = PBXBuildFile; fileRef = 6DF69A5D7D6B469CBCF6EC4C /* CDVWKProcessPoolFactory.m */; };
		8ECD3D1A256744B2B21E9458 /* IONAssetHandler.m in Sources */ = {isa = PBXBuildFile; fileRef = 7EF55D653CCB43F8B2111D92 /* IONAssetHandler.m */; };
		78560EA221064FBCAC5335FD /* WebKit.framework in Frameworks */ = {isa = PBXBuildFile; fileRef = 53A8ED869FB74A2DA912210E /* WebKit.framework */; settings = {ATTRIBUTES = (Weak, ); }; };
		66BD8FC61CBC4569A5E00DC1 /* IonicCordovaCommon.m in Sources */ = {isa = PBXBuildFile; fileRef = 6224308CA99C4C1D82348C35 /* IonicCordovaCommon.m */; };
		DC10062BBF74453D84CC54B1 /* CDVIonicKeyboard.m in Sources */ = {isa = PBXBuildFile; fileRef = B5E6127A357D4D30AB5B2F46 /* CDVIonicKeyboard.m */; };
		6776E94C0D064156926929C9 /* NativeStorage.m in Sources */ = {isa = PBXBuildFile; fileRef = 5CE0F862A5384A9E88D00233 /* NativeStorage.m */; };
		CE4EB865E27D429E90A9D9DC /* CDVConnection.m in Sources */ = {isa = PBXBuildFile; fileRef = 39D27A4A2A4D45DD8D719774 /* CDVConnection.m */; };
		B2A80ADAC48E4BD88FC734D8 /* CDVReachability.m in Sources */ = {isa = PBXBuildFile; fileRef = 07F3CEBCE6C14AAE8E125AB3 /* CDVReachability.m */; };
		F76C36EB08E14A0191525563 /* CoreTelephony.framework in Frameworks */ = {isa = PBXBuildFile; fileRef = 79933E59C0EF41A182522838 /* CoreTelephony.framework */; };
		D203598BE464493D981A6A52 /* CDVSplashScreen.m in Sources */ = {isa = PBXBuildFile; fileRef = C108EBF979984422ACB89857 /* CDVSplashScreen.m */; };
		179D905D901942B0B85DDA8E /* CDVViewController+SplashScreen.m in Sources */ = {isa = PBXBuildFile; fileRef = E400FA68E6FC44DDAC3AA149 /* CDVViewController+SplashScreen.m */; };
		82D20E10402C48F1A4425DBA /* CDVStatusBar.m in Sources */ = {isa = PBXBuildFile; fileRef = EEE9AC68B3624784A2C13E3E /* CDVStatusBar.m */; };
		79766E0C9F454219812B8342 /* SQLitePlugin.m in Sources */ = {isa = PBXBuildFile; fileRef = 588B01A69F2E4F109AB5DF24 /* SQLitePlugin.m */; };
		841C747E5809466E8A3C714D /* PSPDFThreadSafeMutableDictionary.m in Sources */ = {isa = PBXBuildFile; fileRef = 078C37938575452283C4D8FC /* PSPDFThreadSafeMutableDictionary.m */; settings = {COMPILER_FLAGS = "-w"; }; };
		A7A515EE9045469D80092AD1 /* sqlite3.c in Resources */ = {isa = PBXBuildFile; fileRef = 9616B6A1A11D458DB32B72B6 /* sqlite3.c */; settings = {COMPILER_FLAGS = "-w -DSQLITE_THREADSAFE=1 -DSQLITE_DEFAULT_SYNCHRONOUS=3 -DSQLITE_DEFAULT_MEMSTATUS=0 -DSQLITE_OMIT_DECLTYPE -DSQLITE_OMIT_DEPRECATED -DSQLITE_OMIT_PROGRESS_CALLBACK -DSQLITE_OMIT_SHARED_CACHE -DSQLITE_TEMP_STORE=2 -DSQLITE_OMIT_LOAD_EXTENSION -DSQLITE_ENABLE_FTS3 -DSQLITE_ENABLE_FTS3_PARENTHESIS -DSQLITE_ENABLE_FTS4 -DSQLITE_ENABLE_RTREE -DSQLITE_DEFAULT_PAGE_SIZE=1024"; }; };
/* End PBXBuildFile section */

/* Begin PBXContainerItemProxy section */
		301BF534109A57CC0062928A /* PBXContainerItemProxy */ = {
			isa = PBXContainerItemProxy;
			containerPortal = 301BF52D109A57CC0062928A /* CordovaLib.xcodeproj */;
			proxyType = 2;
			remoteGlobalIDString = D2AAC07E0554694100DB518D;
			remoteInfo = CordovaLib;
		};
		301BF550109A68C00062928A /* PBXContainerItemProxy */ = {
			isa = PBXContainerItemProxy;
			containerPortal = 301BF52D109A57CC0062928A /* CordovaLib.xcodeproj */;
			proxyType = 1;
			remoteGlobalIDString = D2AAC07D0554694100DB518D;
			remoteInfo = CordovaLib;
		};
		907D8123214C687600058A10 /* PBXContainerItemProxy */ = {
			isa = PBXContainerItemProxy;
			containerPortal = 301BF52D109A57CC0062928A /* CordovaLib.xcodeproj */;
			proxyType = 2;
			remoteGlobalIDString = C0C01EB21E3911D50056E6CB;
			remoteInfo = Cordova;
		};
/* End PBXContainerItemProxy section */

/* Begin PBXFileReference section */
		0207DA571B56EA530066E2B4 /* Images.xcassets */ = {isa = PBXFileReference; lastKnownFileType = folder.assetcatalog; name = Images.xcassets; path = "CC4 Philip Morris/Images.xcassets"; sourceTree = SOURCE_ROOT; };
		1D3623240D0F684500981E51 /* AppDelegate.h */ = {isa = PBXFileReference; fileEncoding = 4; lastKnownFileType = sourcecode.c.h; path = AppDelegate.h; sourceTree = "<group>"; };
		1D3623250D0F684500981E51 /* AppDelegate.m */ = {isa = PBXFileReference; fileEncoding = 4; lastKnownFileType = sourcecode.c.objc; path = AppDelegate.m; sourceTree = "<group>"; };
		1D6058910D05DD3D006BFB54 /* CC4 Philip Morris.app */ = {isa = PBXFileReference; explicitFileType = wrapper.application; includeInIndex = 0; path = "CC4 Philip Morris.app"; sourceTree = BUILT_PRODUCTS_DIR; };
		29B97316FDCFA39411CA2CEA /* main.m */ = {isa = PBXFileReference; fileEncoding = 4; lastKnownFileType = sourcecode.c.objc; path = main.m; sourceTree = "<group>"; };
		301BF52D109A57CC0062928A /* CordovaLib.xcodeproj */ = {isa = PBXFileReference; lastKnownFileType = "wrapper.pb-project"; path = CordovaLib/CordovaLib.xcodeproj; sourceTree = "<group>"; };
		301BF56E109A69640062928A /* www */ = {isa = PBXFileReference; lastKnownFileType = folder; path = www; sourceTree = SOURCE_ROOT; };
		302D95EE14D2391D003F00A1 /* MainViewController.h */ = {isa = PBXFileReference; fileEncoding = 4; lastKnownFileType = sourcecode.c.h; path = MainViewController.h; sourceTree = "<group>"; };
		302D95EF14D2391D003F00A1 /* MainViewController.m */ = {isa = PBXFileReference; fileEncoding = 4; lastKnownFileType = sourcecode.c.objc; path = MainViewController.m; sourceTree = "<group>"; };
		302D95F014D2391D003F00A1 /* MainViewController.xib */ = {isa = PBXFileReference; fileEncoding = 4; lastKnownFileType = file.xib; path = MainViewController.xib; sourceTree = "<group>"; };
		3047A50F1AB8059700498E2A /* build-debug.xcconfig */ = {isa = PBXFileReference; fileEncoding = 4; lastKnownFileType = text.xcconfig; name = "build-debug.xcconfig"; path = "cordova/build-debug.xcconfig"; sourceTree = SOURCE_ROOT; };
		3047A5101AB8059700498E2A /* build-release.xcconfig */ = {isa = PBXFileReference; fileEncoding = 4; lastKnownFileType = text.xcconfig; name = "build-release.xcconfig"; path = "cordova/build-release.xcconfig"; sourceTree = SOURCE_ROOT; };
		3047A5111AB8059700498E2A /* build.xcconfig */ = {isa = PBXFileReference; fileEncoding = 4; lastKnownFileType = text.xcconfig; name = build.xcconfig; path = cordova/build.xcconfig; sourceTree = SOURCE_ROOT; };
		32CA4F630368D1EE00C91783 /* CC4 Philip Morris-Prefix.pch */ = {isa = PBXFileReference; fileEncoding = 4; lastKnownFileType = sourcecode.c.h; path = "CC4 Philip Morris-Prefix.pch"; sourceTree = "<group>"; };
		6AFF5BF81D6E424B00AB3073 /* CDVLaunchScreen.storyboard */ = {isa = PBXFileReference; fileEncoding = 4; lastKnownFileType = file.storyboard; name = CDVLaunchScreen.storyboard; path = "CC4 Philip Morris/CDVLaunchScreen.storyboard"; sourceTree = SOURCE_ROOT; };
		8D1107310486CEB800E47090 /* CC4 Philip Morris-Info.plist */ = {isa = PBXFileReference; fileEncoding = 4; lastKnownFileType = text.plist.xml; name = "CC4 Philip Morris-Info.plist"; path = "CC4 Philip Morris/CC4 Philip Morris-Info.plist"; plistStructureDefinitionIdentifier = "com.apple.xcode.plist.structure-definition.iphone.info-plist"; sourceTree = SOURCE_ROOT; };
		EB87FDF31871DA8E0020F90C /* www */ = {isa = PBXFileReference; lastKnownFileType = folder; name = www; path = ../../www; sourceTree = "<group>"; };
		EB87FDF41871DAF40020F90C /* config.xml */ = {isa = PBXFileReference; lastKnownFileType = text.xml; name = config.xml; path = ../../config.xml; sourceTree = "<group>"; };
		ED33DF2A687741AEAF9F8254 /* Bridging-Header.h */ = {isa = PBXFileReference; fileEncoding = 4; lastKnownFileType = sourcecode.c.h; name = "Bridging-Header.h"; path = "Bridging-Header.h"; sourceTree = "<group>"; };
		F840E1F0165FE0F500CFE078 /* config.xml */ = {isa = PBXFileReference; lastKnownFileType = text.xml; name = config.xml; path = "CC4 Philip Morris/config.xml"; sourceTree = "<group>"; };
		2C0D35CC8B0B48D0BF7E017D /* CDVFile.m */ = {isa = PBXFileReference; name = "CDVFile.m"; path = "cordova-plugin-file/CDVFile.m"; sourceTree = "<group>"; fileEncoding = 4; lastKnownFileType = sourcecode.c.objc; explicitFileType = undefined; includeInIndex = 0; };
		CE4185EA97154F26A41C3938 /* CDVLocalFilesystem.m */ = {isa = PBXFileReference; name = "CDVLocalFilesystem.m"; path = "cordova-plugin-file/CDVLocalFilesystem.m"; sourceTree = "<group>"; fileEncoding = 4; lastKnownFileType = sourcecode.c.objc; explicitFileType = undefined; includeInIndex = 0; };
		40FCFE03573A459B99DD2C5D /* CDVAssetLibraryFilesystem.m */ = {isa = PBXFileReference; name = "CDVAssetLibraryFilesystem.m"; path = "cordova-plugin-file/CDVAssetLibraryFilesystem.m"; sourceTree = "<group>"; fileEncoding = 4; lastKnownFileType = sourcecode.c.objc; explicitFileType = undefined; includeInIndex = 0; };
		99BCEF8C2D3847648950F85D /* CDVFile.h */ = {isa = PBXFileReference; name = "CDVFile.h"; path = "cordova-plugin-file/CDVFile.h"; sourceTree = "<group>"; fileEncoding = 4; lastKnownFileType = sourcecode.c.h; explicitFileType = undefined; includeInIndex = 0; };
		8AFC96A343C9450FB8E86673 /* CDVLocalFilesystem.h */ = {isa = PBXFileReference; name = "CDVLocalFilesystem.h"; path = "cordova-plugin-file/CDVLocalFilesystem.h"; sourceTree = "<group>"; fileEncoding = 4; lastKnownFileType = sourcecode.c.h; explicitFileType = undefined; includeInIndex = 0; };
		EE57A5D8E9CF48208F702CD8 /* CDVAssetLibraryFilesystem.h */ = {isa = PBXFileReference; name = "CDVAssetLibraryFilesystem.h"; path = "cordova-plugin-file/CDVAssetLibraryFilesystem.h"; sourceTree = "<group>"; fileEncoding = 4; lastKnownFileType = sourcecode.c.h; explicitFileType = undefined; includeInIndex = 0; };
		2FCB376900364C7C8EFD9F5E /* CordovaHttpPlugin.m */ = {isa = PBXFileReference; name = "CordovaHttpPlugin.m"; path = "cordova-plugin-advanced-http/CordovaHttpPlugin.m"; sourceTree = "<group>"; fileEncoding = 4; lastKnownFileType = sourcecode.c.objc; explicitFileType = undefined; includeInIndex = 0; };
		F13E97FFAEB14CDC9AB4FFE2 /* BinaryResponseSerializer.m */ = {isa = PBXFileReference; name = "BinaryResponseSerializer.m"; path = "cordova-plugin-advanced-http/BinaryResponseSerializer.m"; sourceTree = "<group>"; fileEncoding = 4; lastKnownFileType = sourcecode.c.objc; explicitFileType = undefined; includeInIndex = 0; };
		6CB78D31634C4A82BEEA5B2E /* TextResponseSerializer.m */ = {isa = PBXFileReference; name = "TextResponseSerializer.m"; path = "cordova-plugin-advanced-http/TextResponseSerializer.m"; sourceTree = "<group>"; fileEncoding = 4; lastKnownFileType = sourcecode.c.objc; explicitFileType = undefined; includeInIndex = 0; };
		AEA117A3E8E84A8B88865E4D /* TextRequestSerializer.m */ = {isa = PBXFileReference; name = "TextRequestSerializer.m"; path = "cordova-plugin-advanced-http/TextRequestSerializer.m"; sourceTree = "<group>"; fileEncoding = 4; lastKnownFileType = sourcecode.c.objc; explicitFileType = undefined; includeInIndex = 0; };
		62ACE5D89F6B45BDAB9CC85D /* AFHTTPSessionManager.m */ = {isa = PBXFileReference; name = "AFHTTPSessionManager.m"; path = "cordova-plugin-advanced-http/AFHTTPSessionManager.m"; sourceTree = "<group>"; fileEncoding = 4; lastKnownFileType = sourcecode.c.objc; explicitFileType = undefined; includeInIndex = 0; };
		2BDE96743D884B828758BCC5 /* AFNetworkReachabilityManager.m */ = {isa = PBXFileReference; name = "AFNetworkReachabilityManager.m"; path = "cordova-plugin-advanced-http/AFNetworkReachabilityManager.m"; sourceTree = "<group>"; fileEncoding = 4; lastKnownFileType = sourcecode.c.objc; explicitFileType = undefined; includeInIndex = 0; };
		9C715FEA62C3409BA19DDDD3 /* AFSecurityPolicy.m */ = {isa = PBXFileReference; name = "AFSecurityPolicy.m"; path = "cordova-plugin-advanced-http/AFSecurityPolicy.m"; sourceTree = "<group>"; fileEncoding = 4; lastKnownFileType = sourcecode.c.objc; explicitFileType = undefined; includeInIndex = 0; };
		E5C0F9995F7744F0864D48D8 /* AFURLRequestSerialization.m */ = {isa = PBXFileReference; name = "AFURLRequestSerialization.m"; path = "cordova-plugin-advanced-http/AFURLRequestSerialization.m"; sourceTree = "<group>"; fileEncoding = 4; lastKnownFileType = sourcecode.c.objc; explicitFileType = undefined; includeInIndex = 0; };
		FDCD58ED3E7E47E1A0951EC3 /* AFURLResponseSerialization.m */ = {isa = PBXFileReference; name = "AFURLResponseSerialization.m"; path = "cordova-plugin-advanced-http/AFURLResponseSerialization.m"; sourceTree = "<group>"; fileEncoding = 4; lastKnownFileType = sourcecode.c.objc; explicitFileType = undefined; includeInIndex = 0; };
		6E86F116665940B8AA295EF0 /* AFURLSessionManager.m */ = {isa = PBXFileReference; name = "AFURLSessionManager.m"; path = "cordova-plugin-advanced-http/AFURLSessionManager.m"; sourceTree = "<group>"; fileEncoding = 4; lastKnownFileType = sourcecode.c.objc; explicitFileType = undefined; includeInIndex = 0; };
		5F183A7BF3E44AE9A56B9BAD /* SDNetworkActivityIndicator.m */ = {isa = PBXFileReference; name = "SDNetworkActivityIndicator.m"; path = "cordova-plugin-advanced-http/SDNetworkActivityIndicator.m"; sourceTree = "<group>"; fileEncoding = 4; lastKnownFileType = sourcecode.c.objc; explicitFileType = undefined; includeInIndex = 0; };
		1168DAF073E348D4A00FC7FB /* CordovaHttpPlugin.h */ = {isa = PBXFileReference; name = "CordovaHttpPlugin.h"; path = "cordova-plugin-advanced-http/CordovaHttpPlugin.h"; sourceTree = "<group>"; fileEncoding = 4; lastKnownFileType = sourcecode.c.h; explicitFileType = undefined; includeInIndex = 0; };
		740C44D386B04593BC3E6759 /* BinaryResponseSerializer.h */ = {isa = PBXFileReference; name = "BinaryResponseSerializer.h"; path = "cordova-plugin-advanced-http/BinaryResponseSerializer.h"; sourceTree = "<group>"; fileEncoding = 4; lastKnownFileType = sourcecode.c.h; explicitFileType = undefined; includeInIndex = 0; };
		DD56FE857223497E8C79ED5D /* TextResponseSerializer.h */ = {isa = PBXFileReference; name = "TextResponseSerializer.h"; path = "cordova-plugin-advanced-http/TextResponseSerializer.h"; sourceTree = "<group>"; fileEncoding = 4; lastKnownFileType = sourcecode.c.h; explicitFileType = undefined; includeInIndex = 0; };
		1D7E6402CC284D81AC043689 /* TextRequestSerializer.h */ = {isa = PBXFileReference; name = "TextRequestSerializer.h"; path = "cordova-plugin-advanced-http/TextRequestSerializer.h"; sourceTree = "<group>"; fileEncoding = 4; lastKnownFileType = sourcecode.c.h; explicitFileType = undefined; includeInIndex = 0; };
		1FF0E8A912A347ACBCB3A5EB /* AFHTTPSessionManager.h */ = {isa = PBXFileReference; name = "AFHTTPSessionManager.h"; path = "cordova-plugin-advanced-http/AFHTTPSessionManager.h"; sourceTree = "<group>"; fileEncoding = 4; lastKnownFileType = sourcecode.c.h; explicitFileType = undefined; includeInIndex = 0; };
		7D9CAF00A5B1492C87B82113 /* AFNetworking.h */ = {isa = PBXFileReference; name = "AFNetworking.h"; path = "cordova-plugin-advanced-http/AFNetworking.h"; sourceTree = "<group>"; fileEncoding = 4; lastKnownFileType = sourcecode.c.h; explicitFileType = undefined; includeInIndex = 0; };
		D77C21E9055D4997B494AC6B /* AFNetworkReachabilityManager.h */ = {isa = PBXFileReference; name = "AFNetworkReachabilityManager.h"; path = "cordova-plugin-advanced-http/AFNetworkReachabilityManager.h"; sourceTree = "<group>"; fileEncoding = 4; lastKnownFileType = sourcecode.c.h; explicitFileType = undefined; includeInIndex = 0; };
		F187353438F0442CAE02B79B /* AFSecurityPolicy.h */ = {isa = PBXFileReference; name = "AFSecurityPolicy.h"; path = "cordova-plugin-advanced-http/AFSecurityPolicy.h"; sourceTree = "<group>"; fileEncoding = 4; lastKnownFileType = sourcecode.c.h; explicitFileType = undefined; includeInIndex = 0; };
		37DB0233D11A4294B4F7BCDB /* AFURLRequestSerialization.h */ = {isa = PBXFileReference; name = "AFURLRequestSerialization.h"; path = "cordova-plugin-advanced-http/AFURLRequestSerialization.h"; sourceTree = "<group>"; fileEncoding = 4; lastKnownFileType = sourcecode.c.h; explicitFileType = undefined; includeInIndex = 0; };
		042F5F38DCD74E95AC6ECF4E /* AFURLResponseSerialization.h */ = {isa = PBXFileReference; name = "AFURLResponseSerialization.h"; path = "cordova-plugin-advanced-http/AFURLResponseSerialization.h"; sourceTree = "<group>"; fileEncoding = 4; lastKnownFileType = sourcecode.c.h; explicitFileType = undefined; includeInIndex = 0; };
		A7A03D8D182F4C339201991E /* AFURLSessionManager.h */ = {isa = PBXFileReference; name = "AFURLSessionManager.h"; path = "cordova-plugin-advanced-http/AFURLSessionManager.h"; sourceTree = "<group>"; fileEncoding = 4; lastKnownFileType = sourcecode.c.h; explicitFileType = undefined; includeInIndex = 0; };
		C8782ACAAA82462DB38A98E7 /* SDNetworkActivityIndicator.h */ = {isa = PBXFileReference; name = "SDNetworkActivityIndicator.h"; path = "cordova-plugin-advanced-http/SDNetworkActivityIndicator.h"; sourceTree = "<group>"; fileEncoding = 4; lastKnownFileType = sourcecode.c.h; explicitFileType = undefined; includeInIndex = 0; };
		104638F309844BAB8CF7434E /* Security.framework */ = {isa = PBXFileReference; name = "Security.framework"; path = "System/Library/Frameworks/Security.framework"; sourceTree = SDKROOT; fileEncoding = undefined; lastKnownFileType = wrapper.framework; explicitFileType = undefined; includeInIndex = 0; };
		D3748E383939484A83FD6A18 /* SystemConfiguration.framework */ = {isa = PBXFileReference; name = "SystemConfiguration.framework"; path = "System/Library/Frameworks/SystemConfiguration.framework"; sourceTree = SDKROOT; fileEncoding = undefined; lastKnownFileType = wrapper.framework; explicitFileType = undefined; includeInIndex = 0; };
		41DD9839C81A44CC940DDF3E /* CDVCertificate.m */ = {isa = PBXFileReference; name = "CDVCertificate.m"; path = "cordova-plugin-certificates/CDVCertificate.m"; sourceTree = "<group>"; fileEncoding = 4; lastKnownFileType = sourcecode.c.objc; explicitFileType = undefined; includeInIndex = 0; };
		AFF9DFB8FCF34B9A9EC7630C /* NSURLRequest+AllowUntrustedCertificates.m */ = {isa = PBXFileReference; name = "NSURLRequest+AllowUntrustedCertificates.m"; path = "cordova-plugin-certificates/NSURLRequest+AllowUntrustedCertificates.m"; sourceTree = "<group>"; fileEncoding = 4; lastKnownFileType = sourcecode.c.objc; explicitFileType = undefined; includeInIndex = 0; };
		63DA520239B3404E952AD077 /* CDVCertificate.h */ = {isa = PBXFileReference; name = "CDVCertificate.h"; path = "cordova-plugin-certificates/CDVCertificate.h"; sourceTree = "<group>"; fileEncoding = 4; lastKnownFileType = sourcecode.c.h; explicitFileType = undefined; includeInIndex = 0; };
		AF4A1898F7134438BD6FBD1A /* NSURLRequest+AllowUntrustedCertificates.h */ = {isa = PBXFileReference; name = "NSURLRequest+AllowUntrustedCertificates.h"; path = "cordova-plugin-certificates/NSURLRequest+AllowUntrustedCertificates.h"; sourceTree = "<group>"; fileEncoding = 4; lastKnownFileType = sourcecode.c.h; explicitFileType = undefined; includeInIndex = 0; };
		6B362FD718EF4A11942E5DB6 /* CDVDevice.m */ = {isa = PBXFileReference; name = "CDVDevice.m"; path = "cordova-plugin-device/CDVDevice.m"; sourceTree = "<group>"; fileEncoding = 4; lastKnownFileType = sourcecode.c.objc; explicitFileType = undefined; includeInIndex = 0; };
		B65870FAFD164880B480E789 /* CDVDevice.h */ = {isa = PBXFileReference; name = "CDVDevice.h"; path = "cordova-plugin-device/CDVDevice.h"; sourceTree = "<group>"; fileEncoding = 4; lastKnownFileType = sourcecode.c.h; explicitFileType = undefined; includeInIndex = 0; };
		C98EB5401AAD4C199B730F69 /* CDVNotification.m */ = {isa = PBXFileReference; name = "CDVNotification.m"; path = "cordova-plugin-dialogs/CDVNotification.m"; sourceTree = "<group>"; fileEncoding = 4; lastKnownFileType = sourcecode.c.objc; explicitFileType = undefined; includeInIndex = 0; };
		039231962D57445498E7C2E4 /* CDVNotification.h */ = {isa = PBXFileReference; name = "CDVNotification.h"; path = "cordova-plugin-dialogs/CDVNotification.h"; sourceTree = "<group>"; fileEncoding = 4; lastKnownFileType = sourcecode.c.h; explicitFileType = undefined; includeInIndex = 0; };
		A9D63712428F4EEFA610162C /* CDVNotification.bundle */ = {isa = PBXFileReference; name = "CDVNotification.bundle"; path = "CDVNotification.bundle"; sourceTree = "<group>"; fileEncoding = undefined; lastKnownFileType = wrapper.plug-in; explicitFileType = undefined; includeInIndex = 0; };
		962AB8C5C52A47D8B35E2ED3 /* AudioToolbox.framework */ = {isa = PBXFileReference; name = "AudioToolbox.framework"; path = "System/Library/Frameworks/AudioToolbox.framework"; sourceTree = SDKROOT; fileEncoding = undefined; lastKnownFileType = wrapper.framework; explicitFileType = undefined; includeInIndex = 0; };
		88C731D5F5EF4F86834B7FBC /* CDVWKWebViewEngine.m */ = {isa = PBXFileReference; name = "CDVWKWebViewEngine.m"; path = "cordova-plugin-ionic-webview/CDVWKWebViewEngine.m"; sourceTree = "<group>"; fileEncoding = 4; lastKnownFileType = sourcecode.c.objc; explicitFileType = undefined; includeInIndex = 0; };
		449304093A3B4720A2211073 /* CDVWKWebViewUIDelegate.m */ = {isa = PBXFileReference; name = "CDVWKWebViewUIDelegate.m"; path = "cordova-plugin-ionic-webview/CDVWKWebViewUIDelegate.m"; sourceTree = "<group>"; fileEncoding = 4; lastKnownFileType = sourcecode.c.objc; explicitFileType = undefined; includeInIndex = 0; };
		6DF69A5D7D6B469CBCF6EC4C /* CDVWKProcessPoolFactory.m */ = {isa = PBXFileReference; name = "CDVWKProcessPoolFactory.m"; path = "cordova-plugin-ionic-webview/CDVWKProcessPoolFactory.m"; sourceTree = "<group>"; fileEncoding = 4; lastKnownFileType = sourcecode.c.objc; explicitFileType = undefined; includeInIndex = 0; };
		7EF55D653CCB43F8B2111D92 /* IONAssetHandler.m */ = {isa = PBXFileReference; name = "IONAssetHandler.m"; path = "cordova-plugin-ionic-webview/IONAssetHandler.m"; sourceTree = "<group>"; fileEncoding = 4; lastKnownFileType = sourcecode.c.objc; explicitFileType = undefined; includeInIndex = 0; };
		7A3D201DF8934BC596A76B40 /* CDVWKWebViewEngine.h */ = {isa = PBXFileReference; name = "CDVWKWebViewEngine.h"; path = "cordova-plugin-ionic-webview/CDVWKWebViewEngine.h"; sourceTree = "<group>"; fileEncoding = 4; lastKnownFileType = sourcecode.c.h; explicitFileType = undefined; includeInIndex = 0; };
		DE063AFB28704451937F7F30 /* CDVWKWebViewUIDelegate.h */ = {isa = PBXFileReference; name = "CDVWKWebViewUIDelegate.h"; path = "cordova-plugin-ionic-webview/CDVWKWebViewUIDelegate.h"; sourceTree = "<group>"; fileEncoding = 4; lastKnownFileType = sourcecode.c.h; explicitFileType = undefined; includeInIndex = 0; };
		3D20868AD45E48C99C1B9D7C /* CDVWKProcessPoolFactory.h */ = {isa = PBXFileReference; name = "CDVWKProcessPoolFactory.h"; path = "cordova-plugin-ionic-webview/CDVWKProcessPoolFactory.h"; sourceTree = "<group>"; fileEncoding = 4; lastKnownFileType = sourcecode.c.h; explicitFileType = undefined; includeInIndex = 0; };
		AF294583767846F2BB9CB37C /* IONAssetHandler.h */ = {isa = PBXFileReference; name = "IONAssetHandler.h"; path = "cordova-plugin-ionic-webview/IONAssetHandler.h"; sourceTree = "<group>"; fileEncoding = 4; lastKnownFileType = sourcecode.c.h; explicitFileType = undefined; includeInIndex = 0; };
		53A8ED869FB74A2DA912210E /* WebKit.framework */ = {isa = PBXFileReference; name = "WebKit.framework"; path = "System/Library/Frameworks/WebKit.framework"; sourceTree = SDKROOT; fileEncoding = undefined; lastKnownFileType = wrapper.framework; explicitFileType = undefined; includeInIndex = 0; };
		6224308CA99C4C1D82348C35 /* IonicCordovaCommon.m */ = {isa = PBXFileReference; name = "IonicCordovaCommon.m"; path = "cordova-plugin-ionic/IonicCordovaCommon.m"; sourceTree = "<group>"; fileEncoding = 4; lastKnownFileType = sourcecode.c.objc; explicitFileType = undefined; includeInIndex = 0; };
		B9FA0F4C72D444BC85FC9430 /* IonicCordovaCommon.h */ = {isa = PBXFileReference; name = "IonicCordovaCommon.h"; path = "cordova-plugin-ionic/IonicCordovaCommon.h"; sourceTree = "<group>"; fileEncoding = 4; lastKnownFileType = sourcecode.c.h; explicitFileType = undefined; includeInIndex = 0; };
		B5E6127A357D4D30AB5B2F46 /* CDVIonicKeyboard.m */ = {isa = PBXFileReference; name = "CDVIonicKeyboard.m"; path = "cordova-plugin-ionic-keyboard/CDVIonicKeyboard.m"; sourceTree = "<group>"; fileEncoding = 4; lastKnownFileType = sourcecode.c.objc; explicitFileType = undefined; includeInIndex = 0; };
		34C4DDEB814E4EB9B7DA383C /* CDVIonicKeyboard.h */ = {isa = PBXFileReference; name = "CDVIonicKeyboard.h"; path = "cordova-plugin-ionic-keyboard/CDVIonicKeyboard.h"; sourceTree = "<group>"; fileEncoding = 4; lastKnownFileType = sourcecode.c.h; explicitFileType = undefined; includeInIndex = 0; };
		5CE0F862A5384A9E88D00233 /* NativeStorage.m */ = {isa = PBXFileReference; name = "NativeStorage.m"; path = "cordova-plugin-nativestorage/NativeStorage.m"; sourceTree = "<group>"; fileEncoding = 4; lastKnownFileType = sourcecode.c.objc; explicitFileType = undefined; includeInIndex = 0; };
		D16B5AF48F4A4CC59FFF36FA /* NativeStorage.h */ = {isa = PBXFileReference; name = "NativeStorage.h"; path = "cordova-plugin-nativestorage/NativeStorage.h"; sourceTree = "<group>"; fileEncoding = 4; lastKnownFileType = sourcecode.c.h; explicitFileType = undefined; includeInIndex = 0; };
		39D27A4A2A4D45DD8D719774 /* CDVConnection.m */ = {isa = PBXFileReference; name = "CDVConnection.m"; path = "cordova-plugin-network-information/CDVConnection.m"; sourceTree = "<group>"; fileEncoding = 4; lastKnownFileType = sourcecode.c.objc; explicitFileType = undefined; includeInIndex = 0; };
		07F3CEBCE6C14AAE8E125AB3 /* CDVReachability.m */ = {isa = PBXFileReference; name = "CDVReachability.m"; path = "cordova-plugin-network-information/CDVReachability.m"; sourceTree = "<group>"; fileEncoding = 4; lastKnownFileType = sourcecode.c.objc; explicitFileType = undefined; includeInIndex = 0; };
		B4B185CB93934215B0070A12 /* CDVConnection.h */ = {isa = PBXFileReference; name = "CDVConnection.h"; path = "cordova-plugin-network-information/CDVConnection.h"; sourceTree = "<group>"; fileEncoding = 4; lastKnownFileType = sourcecode.c.h; explicitFileType = undefined; includeInIndex = 0; };
		F985F62A72DE40CC8E328404 /* CDVReachability.h */ = {isa = PBXFileReference; name = "CDVReachability.h"; path = "cordova-plugin-network-information/CDVReachability.h"; sourceTree = "<group>"; fileEncoding = 4; lastKnownFileType = sourcecode.c.h; explicitFileType = undefined; includeInIndex = 0; };
		79933E59C0EF41A182522838 /* CoreTelephony.framework */ = {isa = PBXFileReference; name = "CoreTelephony.framework"; path = "System/Library/Frameworks/CoreTelephony.framework"; sourceTree = SDKROOT; fileEncoding = undefined; lastKnownFileType = wrapper.framework; explicitFileType = undefined; includeInIndex = 0; };
		C108EBF979984422ACB89857 /* CDVSplashScreen.m */ = {isa = PBXFileReference; name = "CDVSplashScreen.m"; path = "cordova-plugin-splashscreen/CDVSplashScreen.m"; sourceTree = "<group>"; fileEncoding = 4; lastKnownFileType = sourcecode.c.objc; explicitFileType = undefined; includeInIndex = 0; };
		E400FA68E6FC44DDAC3AA149 /* CDVViewController+SplashScreen.m */ = {isa = PBXFileReference; name = "CDVViewController+SplashScreen.m"; path = "cordova-plugin-splashscreen/CDVViewController+SplashScreen.m"; sourceTree = "<group>"; fileEncoding = 4; lastKnownFileType = sourcecode.c.objc; explicitFileType = undefined; includeInIndex = 0; };
		44AE065813A6483E860A994F /* CDVSplashScreen.h */ = {isa = PBXFileReference; name = "CDVSplashScreen.h"; path = "cordova-plugin-splashscreen/CDVSplashScreen.h"; sourceTree = "<group>"; fileEncoding = 4; lastKnownFileType = sourcecode.c.h; explicitFileType = undefined; includeInIndex = 0; };
		F8CFB96A54C04E429199CA2B /* CDVViewController+SplashScreen.h */ = {isa = PBXFileReference; name = "CDVViewController+SplashScreen.h"; path = "cordova-plugin-splashscreen/CDVViewController+SplashScreen.h"; sourceTree = "<group>"; fileEncoding = 4; lastKnownFileType = sourcecode.c.h; explicitFileType = undefined; includeInIndex = 0; };
		EEE9AC68B3624784A2C13E3E /* CDVStatusBar.m */ = {isa = PBXFileReference; name = "CDVStatusBar.m"; path = "cordova-plugin-statusbar/CDVStatusBar.m"; sourceTree = "<group>"; fileEncoding = 4; lastKnownFileType = sourcecode.c.objc; explicitFileType = undefined; includeInIndex = 0; };
		40E4AB7F3F504DC0B75B3D99 /* CDVStatusBar.h */ = {isa = PBXFileReference; name = "CDVStatusBar.h"; path = "cordova-plugin-statusbar/CDVStatusBar.h"; sourceTree = "<group>"; fileEncoding = 4; lastKnownFileType = sourcecode.c.h; explicitFileType = undefined; includeInIndex = 0; };
		588B01A69F2E4F109AB5DF24 /* SQLitePlugin.m */ = {isa = PBXFileReference; name = "SQLitePlugin.m"; path = "cordova-sqlite-storage/SQLitePlugin.m"; sourceTree = "<group>"; fileEncoding = 4; lastKnownFileType = sourcecode.c.objc; explicitFileType = undefined; includeInIndex = 0; };
		078C37938575452283C4D8FC /* PSPDFThreadSafeMutableDictionary.m */ = {isa = PBXFileReference; name = "PSPDFThreadSafeMutableDictionary.m"; path = "cordova-sqlite-storage/PSPDFThreadSafeMutableDictionary.m"; sourceTree = "<group>"; fileEncoding = 4; lastKnownFileType = sourcecode.c.objc; explicitFileType = undefined; includeInIndex = 0; };
		9616B6A1A11D458DB32B72B6 /* sqlite3.c */ = {isa = PBXFileReference; name = "sqlite3.c"; path = "cordova-sqlite-storage/sqlite3.c"; sourceTree = "<group>"; fileEncoding = undefined; lastKnownFileType = unknown; explicitFileType = undefined; includeInIndex = 0; };
		F8955F00B0C949B39111D41B /* SQLitePlugin.h */ = {isa = PBXFileReference; name = "SQLitePlugin.h"; path = "cordova-sqlite-storage/SQLitePlugin.h"; sourceTree = "<group>"; fileEncoding = 4; lastKnownFileType = sourcecode.c.h; explicitFileType = undefined; includeInIndex = 0; };
		2A2126FDBC204CA084058F8B /* PSPDFThreadSafeMutableDictionary.h */ = {isa = PBXFileReference; name = "PSPDFThreadSafeMutableDictionary.h"; path = "cordova-sqlite-storage/PSPDFThreadSafeMutableDictionary.h"; sourceTree = "<group>"; fileEncoding = 4; lastKnownFileType = sourcecode.c.h; explicitFileType = undefined; includeInIndex = 0; };
		337CA5D3BF0342E09C3C419B /* sqlite3.h */ = {isa = PBXFileReference; name = "sqlite3.h"; path = "cordova-sqlite-storage/sqlite3.h"; sourceTree = "<group>"; fileEncoding = 4; lastKnownFileType = sourcecode.c.h; explicitFileType = undefined; includeInIndex = 0; };
/* End PBXFileReference section */

/* Begin PBXFrameworksBuildPhase section */
		1D60588F0D05DD3D006BFB54 /* Frameworks */ = {
			isa = PBXFrameworksBuildPhase;
			buildActionMask = 2147483647;
			files = (
				301BF552109A68D80062928A /* libCordova.a in Frameworks */,
				E59332A0E54740F9AFEC26D6 /* Security.framework in Frameworks */,
				8D4CAB399E3B454AB9B392EA /* SystemConfiguration.framework in Frameworks */,
				30B76052161B4999962B19E6 /* AudioToolbox.framework in Frameworks */,
				78560EA221064FBCAC5335FD /* WebKit.framework in Frameworks */,
				F76C36EB08E14A0191525563 /* CoreTelephony.framework in Frameworks */,
			);
			runOnlyForDeploymentPostprocessing = 0;
		};
/* End PBXFrameworksBuildPhase section */

/* Begin PBXGroup section */
		080E96DDFE201D6D7F000001 /* Classes */ = {
			isa = PBXGroup;
			children = (
				302D95EE14D2391D003F00A1 /* MainViewController.h */,
				302D95EF14D2391D003F00A1 /* MainViewController.m */,
				302D95F014D2391D003F00A1 /* MainViewController.xib */,
				1D3623240D0F684500981E51 /* AppDelegate.h */,
				1D3623250D0F684500981E51 /* AppDelegate.m */,
			);
			name = Classes;
			path = "CC4 Philip Morris/Classes";
			sourceTree = SOURCE_ROOT;
		};
		19C28FACFE9D520D11CA2CBB /* Products */ = {
			isa = PBXGroup;
			children = (
				1D6058910D05DD3D006BFB54 /* CC4 Philip Morris.app */,
			);
			name = Products;
			sourceTree = "<group>";
		};
		29B97314FDCFA39411CA2CEA /* CustomTemplate */ = {
			isa = PBXGroup;
			children = (
				EB87FDF41871DAF40020F90C /* config.xml */,
				EB87FDF31871DA8E0020F90C /* www */,
				EB87FDF11871DA420020F90C /* Staging */,
				301BF52D109A57CC0062928A /* CordovaLib.xcodeproj */,
				080E96DDFE201D6D7F000001 /* Classes */,
				307C750510C5A3420062BCA9 /* Plugins */,
				29B97315FDCFA39411CA2CEA /* Other Sources */,
				29B97317FDCFA39411CA2CEA /* Resources */,
				29B97323FDCFA39411CA2CEA /* Frameworks */,
				19C28FACFE9D520D11CA2CBB /* Products */,
			);
			name = CustomTemplate;
			sourceTree = "<group>";
		};
		29B97315FDCFA39411CA2CEA /* Other Sources */ = {
			isa = PBXGroup;
			children = (
				32CA4F630368D1EE00C91783 /* CC4 Philip Morris-Prefix.pch */,
				29B97316FDCFA39411CA2CEA /* main.m */,
				ED33DF2A687741AEAF9F8254 /* Bridging-Header.h */,
			);
			name = "Other Sources";
			path = "CC4 Philip Morris";
			sourceTree = "<group>";
		};
		29B97317FDCFA39411CA2CEA /* Resources */ = {
			isa = PBXGroup;
			children = (
				0207DA571B56EA530066E2B4 /* Images.xcassets */,
				3047A50E1AB8057F00498E2A /* config */,
				8D1107310486CEB800E47090 /* CC4 Philip Morris-Info.plist */,
				6AFF5BF81D6E424B00AB3073 /* CDVLaunchScreen.storyboard */,
				A9D63712428F4EEFA610162C /* CDVNotification.bundle */,
			);
			name = Resources;
			path = "CC4 Philip Morris/Resources";
			sourceTree = "<group>";
		};
		29B97323FDCFA39411CA2CEA /* Frameworks */ = {
			isa = PBXGroup;
			children = (
				104638F309844BAB8CF7434E /* Security.framework */,
				D3748E383939484A83FD6A18 /* SystemConfiguration.framework */,
				962AB8C5C52A47D8B35E2ED3 /* AudioToolbox.framework */,
				53A8ED869FB74A2DA912210E /* WebKit.framework */,
				79933E59C0EF41A182522838 /* CoreTelephony.framework */,
			);
			name = Frameworks;
			sourceTree = "<group>";
		};
		301BF52E109A57CC0062928A /* Products */ = {
			isa = PBXGroup;
			children = (
				301BF535109A57CC0062928A /* libCordova.a */,
				907D8124214C687600058A10 /* Cordova.framework */,
			);
			name = Products;
			sourceTree = "<group>";
		};
		3047A50E1AB8057F00498E2A /* config */ = {
			isa = PBXGroup;
			children = (
				3047A50F1AB8059700498E2A /* build-debug.xcconfig */,
				3047A5101AB8059700498E2A /* build-release.xcconfig */,
				3047A5111AB8059700498E2A /* build.xcconfig */,
			);
			name = config;
			sourceTree = "<group>";
		};
		307C750510C5A3420062BCA9 /* Plugins */ = {
			isa = PBXGroup;
			children = (
				2C0D35CC8B0B48D0BF7E017D /* CDVFile.m */,
				CE4185EA97154F26A41C3938 /* CDVLocalFilesystem.m */,
				40FCFE03573A459B99DD2C5D /* CDVAssetLibraryFilesystem.m */,
				99BCEF8C2D3847648950F85D /* CDVFile.h */,
				8AFC96A343C9450FB8E86673 /* CDVLocalFilesystem.h */,
				EE57A5D8E9CF48208F702CD8 /* CDVAssetLibraryFilesystem.h */,
				2FCB376900364C7C8EFD9F5E /* CordovaHttpPlugin.m */,
				F13E97FFAEB14CDC9AB4FFE2 /* BinaryResponseSerializer.m */,
				6CB78D31634C4A82BEEA5B2E /* TextResponseSerializer.m */,
				AEA117A3E8E84A8B88865E4D /* TextRequestSerializer.m */,
				62ACE5D89F6B45BDAB9CC85D /* AFHTTPSessionManager.m */,
				2BDE96743D884B828758BCC5 /* AFNetworkReachabilityManager.m */,
				9C715FEA62C3409BA19DDDD3 /* AFSecurityPolicy.m */,
				E5C0F9995F7744F0864D48D8 /* AFURLRequestSerialization.m */,
				FDCD58ED3E7E47E1A0951EC3 /* AFURLResponseSerialization.m */,
				6E86F116665940B8AA295EF0 /* AFURLSessionManager.m */,
				5F183A7BF3E44AE9A56B9BAD /* SDNetworkActivityIndicator.m */,
				1168DAF073E348D4A00FC7FB /* CordovaHttpPlugin.h */,
				740C44D386B04593BC3E6759 /* BinaryResponseSerializer.h */,
				DD56FE857223497E8C79ED5D /* TextResponseSerializer.h */,
				1D7E6402CC284D81AC043689 /* TextRequestSerializer.h */,
				1FF0E8A912A347ACBCB3A5EB /* AFHTTPSessionManager.h */,
				7D9CAF00A5B1492C87B82113 /* AFNetworking.h */,
				D77C21E9055D4997B494AC6B /* AFNetworkReachabilityManager.h */,
				F187353438F0442CAE02B79B /* AFSecurityPolicy.h */,
				37DB0233D11A4294B4F7BCDB /* AFURLRequestSerialization.h */,
				042F5F38DCD74E95AC6ECF4E /* AFURLResponseSerialization.h */,
				A7A03D8D182F4C339201991E /* AFURLSessionManager.h */,
				C8782ACAAA82462DB38A98E7 /* SDNetworkActivityIndicator.h */,
				41DD9839C81A44CC940DDF3E /* CDVCertificate.m */,
				AFF9DFB8FCF34B9A9EC7630C /* NSURLRequest+AllowUntrustedCertificates.m */,
				63DA520239B3404E952AD077 /* CDVCertificate.h */,
				AF4A1898F7134438BD6FBD1A /* NSURLRequest+AllowUntrustedCertificates.h */,
				6B362FD718EF4A11942E5DB6 /* CDVDevice.m */,
				B65870FAFD164880B480E789 /* CDVDevice.h */,
				C98EB5401AAD4C199B730F69 /* CDVNotification.m */,
				039231962D57445498E7C2E4 /* CDVNotification.h */,
				88C731D5F5EF4F86834B7FBC /* CDVWKWebViewEngine.m */,
				449304093A3B4720A2211073 /* CDVWKWebViewUIDelegate.m */,
				6DF69A5D7D6B469CBCF6EC4C /* CDVWKProcessPoolFactory.m */,
				7EF55D653CCB43F8B2111D92 /* IONAssetHandler.m */,
				7A3D201DF8934BC596A76B40 /* CDVWKWebViewEngine.h */,
				DE063AFB28704451937F7F30 /* CDVWKWebViewUIDelegate.h */,
				3D20868AD45E48C99C1B9D7C /* CDVWKProcessPoolFactory.h */,
				AF294583767846F2BB9CB37C /* IONAssetHandler.h */,
				6224308CA99C4C1D82348C35 /* IonicCordovaCommon.m */,
				B9FA0F4C72D444BC85FC9430 /* IonicCordovaCommon.h */,
				B5E6127A357D4D30AB5B2F46 /* CDVIonicKeyboard.m */,
				34C4DDEB814E4EB9B7DA383C /* CDVIonicKeyboard.h */,
				5CE0F862A5384A9E88D00233 /* NativeStorage.m */,
				D16B5AF48F4A4CC59FFF36FA /* NativeStorage.h */,
				39D27A4A2A4D45DD8D719774 /* CDVConnection.m */,
				07F3CEBCE6C14AAE8E125AB3 /* CDVReachability.m */,
				B4B185CB93934215B0070A12 /* CDVConnection.h */,
				F985F62A72DE40CC8E328404 /* CDVReachability.h */,
				C108EBF979984422ACB89857 /* CDVSplashScreen.m */,
				E400FA68E6FC44DDAC3AA149 /* CDVViewController+SplashScreen.m */,
				44AE065813A6483E860A994F /* CDVSplashScreen.h */,
				F8CFB96A54C04E429199CA2B /* CDVViewController+SplashScreen.h */,
				EEE9AC68B3624784A2C13E3E /* CDVStatusBar.m */,
				40E4AB7F3F504DC0B75B3D99 /* CDVStatusBar.h */,
				588B01A69F2E4F109AB5DF24 /* SQLitePlugin.m */,
				078C37938575452283C4D8FC /* PSPDFThreadSafeMutableDictionary.m */,
				9616B6A1A11D458DB32B72B6 /* sqlite3.c */,
				F8955F00B0C949B39111D41B /* SQLitePlugin.h */,
				2A2126FDBC204CA084058F8B /* PSPDFThreadSafeMutableDictionary.h */,
				337CA5D3BF0342E09C3C419B /* sqlite3.h */,
			);
			name = Plugins;
			path = "CC4 Philip Morris/Plugins";
			sourceTree = SOURCE_ROOT;
		};
		EB87FDF11871DA420020F90C /* Staging */ = {
			isa = PBXGroup;
			children = (
				F840E1F0165FE0F500CFE078 /* config.xml */,
				301BF56E109A69640062928A /* www */,
			);
			name = Staging;
			sourceTree = "<group>";
		};
/* End PBXGroup section */

/* Begin PBXNativeTarget section */
		1D6058900D05DD3D006BFB54 /* CC4 Philip Morris */ = {
			isa = PBXNativeTarget;
			buildConfigurationList = 1D6058960D05DD3E006BFB54 /* Build configuration list for PBXNativeTarget "CC4 Philip Morris" */;
			buildPhases = (
				304B58A110DAC018002A0835 /* Copy www directory */,
				1D60588D0D05DD3D006BFB54 /* Resources */,
				1D60588E0D05DD3D006BFB54 /* Sources */,
				1D60588F0D05DD3D006BFB54 /* Frameworks */,
			);
			buildRules = (
			);
			dependencies = (
				301BF551109A68C00062928A /* PBXTargetDependency */,
			);
			name = "CC4 Philip Morris";
			productName = "CC4 Philip Morris";
			productReference = 1D6058910D05DD3D006BFB54 /* CC4 Philip Morris.app */;
			productType = "com.apple.product-type.application";
		};
/* End PBXNativeTarget section */

/* Begin PBXProject section */
		29B97313FDCFA39411CA2CEA /* Project object */ = {
			isa = PBXProject;
			attributes = {
				LastUpgradeCheck = 510;
				TargetAttributes = {
					1D6058900D05DD3D006BFB54 = {
						ProvisioningStyle = Automatic;
					};
				};
			};
			buildConfigurationList = C01FCF4E08A954540054247B /* Build configuration list for PBXProject "CC4 Philip Morris" */;
			compatibilityVersion = "Xcode 3.2";
			developmentRegion = English;
			hasScannedForEncodings = 1;
			mainGroup = 29B97314FDCFA39411CA2CEA /* CustomTemplate */;
			projectDirPath = "";
			projectReferences = (
				{
					ProductGroup = 301BF52E109A57CC0062928A /* Products */;
					ProjectRef = 301BF52D109A57CC0062928A /* CordovaLib.xcodeproj */;
				},
			);
			projectRoot = "";
			targets = (
				1D6058900D05DD3D006BFB54 /* CC4 Philip Morris */,
			);
		};
/* End PBXProject section */

/* Begin PBXReferenceProxy section */
		301BF535109A57CC0062928A /* libCordova.a */ = {
			isa = PBXReferenceProxy;
			fileType = archive.ar;
			path = libCordova.a;
			remoteRef = 301BF534109A57CC0062928A /* PBXContainerItemProxy */;
			sourceTree = BUILT_PRODUCTS_DIR;
		};
		907D8124214C687600058A10 /* Cordova.framework */ = {
			isa = PBXReferenceProxy;
			fileType = wrapper.framework;
			path = Cordova.framework;
			remoteRef = 907D8123214C687600058A10 /* PBXContainerItemProxy */;
			sourceTree = BUILT_PRODUCTS_DIR;
		};
/* End PBXReferenceProxy section */

/* Begin PBXResourcesBuildPhase section */
		1D60588D0D05DD3D006BFB54 /* Resources */ = {
			isa = PBXResourcesBuildPhase;
			buildActionMask = 2147483647;
			files = (
				302D95F214D2391D003F00A1 /* MainViewController.xib in Resources */,
				0207DA581B56EA530066E2B4 /* Images.xcassets in Resources */,
				6AFF5BF91D6E424B00AB3073 /* CDVLaunchScreen.storyboard in Resources */,
				C130C72EADDE450584270191 /* CDVNotification.bundle in Resources */,
			);
			runOnlyForDeploymentPostprocessing = 0;
		};
/* End PBXResourcesBuildPhase section */

/* Begin PBXShellScriptBuildPhase section */
		304B58A110DAC018002A0835 /* Copy www directory */ = {
			isa = PBXShellScriptBuildPhase;
			buildActionMask = 2147483647;
			files = (
			);
			inputPaths = (
			);
			name = "Copy www directory";
			outputPaths = (
			);
			runOnlyForDeploymentPostprocessing = 0;
			shellPath = /bin/sh;
			shellScript = "\"$SRCROOT/CC4 Philip Morris/Scripts/copy-www-build-step.sh\"";
			showEnvVarsInLog = 0;
		};
/* End PBXShellScriptBuildPhase section */

/* Begin PBXSourcesBuildPhase section */
		1D60588E0D05DD3D006BFB54 /* Sources */ = {
			isa = PBXSourcesBuildPhase;
			buildActionMask = 2147483647;
			files = (
				1D60589B0D05DD56006BFB54 /* main.m in Sources */,
				1D3623260D0F684500981E51 /* AppDelegate.m in Sources */,
				302D95F114D2391D003F00A1 /* MainViewController.m in Sources */,
				62EF8B37D5B043039918C88B /* CDVFile.m in Sources */,
				E23487E4CFCF4BBEBE0F1ECA /* CDVLocalFilesystem.m in Sources */,
				DEB4A360A81147C0B9F7A572 /* CDVAssetLibraryFilesystem.m in Sources */,
				27072D6FFB3F43A3A0107421 /* CordovaHttpPlugin.m in Sources */,
				6D08A0A23F9F4E0BADF37AC0 /* BinaryResponseSerializer.m in Sources */,
				FA6CC3C9F0BB48808373C849 /* TextResponseSerializer.m in Sources */,
				C21CB0532F8B424D84E1A2A2 /* TextRequestSerializer.m in Sources */,
				FACA9BD13F06435290BDF7CA /* AFHTTPSessionManager.m in Sources */,
				30A29A3DC64940F5BEBFE2F3 /* AFNetworkReachabilityManager.m in Sources */,
				5E88DDF7B3BF4E869C7DCB3F /* AFSecurityPolicy.m in Sources */,
				3EB34570E5324928B5C92705 /* AFURLRequestSerialization.m in Sources */,
				C6DE34356CC14676AA831EB7 /* AFURLResponseSerialization.m in Sources */,
				460E79A8696144938DB48666 /* AFURLSessionManager.m in Sources */,
				24A90D5F9D6A4E7F81C1316C /* SDNetworkActivityIndicator.m in Sources */,
				89B670B289124C36BAD5865A /* CDVCertificate.m in Sources */,
				E8A71E8A085E433283F87D39 /* NSURLRequest+AllowUntrustedCertificates.m in Sources */,
				19EF2D58D13E4B4F8E0097CD /* CDVDevice.m in Sources */,
				8760C9C10F0A4143A5FFE0ED /* CDVNotification.m in Sources */,
				FDB71FB1040143FDA591348A /* CDVWKWebViewEngine.m in Sources */,
				A2E57960A15C46C49B7C58B5 /* CDVWKWebViewUIDelegate.m in Sources */,
				CE092C3DF555415799248B69 /* CDVWKProcessPoolFactory.m in Sources */,
				8ECD3D1A256744B2B21E9458 /* IONAssetHandler.m in Sources */,
				66BD8FC61CBC4569A5E00DC1 /* IonicCordovaCommon.m in Sources */,
				DC10062BBF74453D84CC54B1 /* CDVIonicKeyboard.m in Sources */,
				6776E94C0D064156926929C9 /* NativeStorage.m in Sources */,
				CE4EB865E27D429E90A9D9DC /* CDVConnection.m in Sources */,
				B2A80ADAC48E4BD88FC734D8 /* CDVReachability.m in Sources */,
				D203598BE464493D981A6A52 /* CDVSplashScreen.m in Sources */,
				179D905D901942B0B85DDA8E /* CDVViewController+SplashScreen.m in Sources */,
				82D20E10402C48F1A4425DBA /* CDVStatusBar.m in Sources */,
				79766E0C9F454219812B8342 /* SQLitePlugin.m in Sources */,
				841C747E5809466E8A3C714D /* PSPDFThreadSafeMutableDictionary.m in Sources */,
				A7A515EE9045469D80092AD1 /* sqlite3.c in Resources */,
			);
			runOnlyForDeploymentPostprocessing = 0;
		};
/* End PBXSourcesBuildPhase section */

/* Begin PBXTargetDependency section */
		301BF551109A68C00062928A /* PBXTargetDependency */ = {
			isa = PBXTargetDependency;
			name = CordovaLib;
			targetProxy = 301BF550109A68C00062928A /* PBXContainerItemProxy */;
		};
/* End PBXTargetDependency section */

/* Begin XCBuildConfiguration section */
		1D6058940D05DD3E006BFB54 /* Debug */ = {
			isa = XCBuildConfiguration;
			baseConfigurationReference = 3047A50F1AB8059700498E2A /* build-debug.xcconfig */;
			buildSettings = {
				ALWAYS_SEARCH_USER_PATHS = NO;
				ASSETCATALOG_COMPILER_APPICON_NAME = AppIcon;
				ASSETCATALOG_COMPILER_LAUNCHIMAGE_NAME = LaunchImage;
				CLANG_ENABLE_MODULES = YES;
				CLANG_ENABLE_OBJC_ARC = YES;
				COPY_PHASE_STRIP = NO;
				GCC_DYNAMIC_NO_PIC = NO;
				GCC_OPTIMIZATION_LEVEL = 0;
				GCC_PRECOMPILE_PREFIX_HEADER = YES;
				GCC_PREFIX_HEADER = "CC4 Philip Morris/CC4 Philip Morris-Prefix.pch";
				GCC_THUMB_SUPPORT = NO;
				GCC_VERSION = "";
				INFOPLIST_FILE = "CC4 Philip Morris/CC4 Philip Morris-Info.plist";
				IPHONEOS_DEPLOYMENT_TARGET = 11.0;
				LD_RUNPATH_SEARCH_PATHS = "@executable_path/Frameworks";
				PRODUCT_BUNDLE_IDENTIFIER = app.cc4.philip;
				PRODUCT_NAME = "$(TARGET_NAME)";
				TARGETED_DEVICE_FAMILY = "1,2";
			};
			name = Debug;
		};
		1D6058950D05DD3E006BFB54 /* Release */ = {
			isa = XCBuildConfiguration;
			baseConfigurationReference = 3047A5101AB8059700498E2A /* build-release.xcconfig */;
			buildSettings = {
				ALWAYS_SEARCH_USER_PATHS = NO;
				ASSETCATALOG_COMPILER_APPICON_NAME = AppIcon;
				ASSETCATALOG_COMPILER_LAUNCHIMAGE_NAME = LaunchImage;
				CLANG_ENABLE_MODULES = YES;
				CLANG_ENABLE_OBJC_ARC = YES;
				COPY_PHASE_STRIP = YES;
				GCC_PRECOMPILE_PREFIX_HEADER = YES;
				GCC_PREFIX_HEADER = "CC4 Philip Morris/CC4 Philip Morris-Prefix.pch";
				GCC_THUMB_SUPPORT = NO;
				GCC_VERSION = "";
				INFOPLIST_FILE = "CC4 Philip Morris/CC4 Philip Morris-Info.plist";
				IPHONEOS_DEPLOYMENT_TARGET = 11.0;
				LD_RUNPATH_SEARCH_PATHS = "@executable_path/Frameworks";
				PRODUCT_BUNDLE_IDENTIFIER = app.cc4.philip;
				PRODUCT_NAME = "$(TARGET_NAME)";
				TARGETED_DEVICE_FAMILY = "1,2";
			};
			name = Release;
		};
		C01FCF4F08A954540054247B /* Debug */ = {
			isa = XCBuildConfiguration;
			baseConfigurationReference = 3047A5111AB8059700498E2A /* build.xcconfig */;
			buildSettings = {
				CLANG_ENABLE_MODULES = YES;
				CLANG_ENABLE_OBJC_ARC = YES;
				CLANG_WARN_BLOCK_CAPTURE_AUTORELEASING = YES;
				CLANG_WARN_BOOL_CONVERSION = YES;
				CLANG_WARN_COMMA = YES;
				CLANG_WARN_CONSTANT_CONVERSION = YES;
				CLANG_WARN_DEPRECATED_OBJC_IMPLEMENTATIONS = YES;
				CLANG_WARN_EMPTY_BODY = YES;
				CLANG_WARN_ENUM_CONVERSION = YES;
				CLANG_WARN_INFINITE_RECURSION = YES;
				CLANG_WARN_INT_CONVERSION = YES;
				CLANG_WARN_NON_LITERAL_NULL_CONVERSION = YES;
				CLANG_WARN_OBJC_IMPLICIT_RETAIN_SELF = YES;
				CLANG_WARN_OBJC_LITERAL_CONVERSION = YES;
				CLANG_WARN_RANGE_LOOP_ANALYSIS = YES;
				CLANG_WARN_STRICT_PROTOTYPES = YES;
				CLANG_WARN_SUSPICIOUS_MOVE = YES;
				CLANG_WARN_UNREACHABLE_CODE = YES;
				CLANG_WARN__DUPLICATE_METHOD_MATCH = YES;
				ENABLE_STRICT_OBJC_MSGSEND = YES;
				ENABLE_TESTABILITY = YES;
				GCC_C_LANGUAGE_STANDARD = c99;
				GCC_NO_COMMON_BLOCKS = YES;
				GCC_THUMB_SUPPORT = NO;
				GCC_VERSION = "";
				GCC_WARN_64_TO_32_BIT_CONVERSION = YES;
				GCC_WARN_ABOUT_RETURN_TYPE = YES;
				GCC_WARN_UNDECLARED_SELECTOR = YES;
				GCC_WARN_UNINITIALIZED_AUTOS = YES;
				GCC_WARN_UNUSED_FUNCTION = YES;
				GCC_WARN_UNUSED_VARIABLE = YES;
				ONLY_ACTIVE_ARCH = YES;
				SDKROOT = iphoneos;
				SKIP_INSTALL = NO;
				PRODUCT_BUNDLE_IDENTIFIER = app.cc4.philip;
				IPHONEOS_DEPLOYMENT_TARGET = 11.0;
			};
			name = Debug;
		};
		C01FCF5008A954540054247B /* Release */ = {
			isa = XCBuildConfiguration;
			baseConfigurationReference = 3047A5111AB8059700498E2A /* build.xcconfig */;
			buildSettings = {
				CLANG_ENABLE_MODULES = YES;
				CLANG_ENABLE_OBJC_ARC = YES;
				CLANG_WARN_BLOCK_CAPTURE_AUTORELEASING = YES;
				CLANG_WARN_BOOL_CONVERSION = YES;
				CLANG_WARN_COMMA = YES;
				CLANG_WARN_CONSTANT_CONVERSION = YES;
				CLANG_WARN_DEPRECATED_OBJC_IMPLEMENTATIONS = YES;
				CLANG_WARN_EMPTY_BODY = YES;
				CLANG_WARN_ENUM_CONVERSION = YES;
				CLANG_WARN_INFINITE_RECURSION = YES;
				CLANG_WARN_INT_CONVERSION = YES;
				CLANG_WARN_NON_LITERAL_NULL_CONVERSION = YES;
				CLANG_WARN_OBJC_IMPLICIT_RETAIN_SELF = YES;
				CLANG_WARN_OBJC_LITERAL_CONVERSION = YES;
				CLANG_WARN_RANGE_LOOP_ANALYSIS = YES;
				CLANG_WARN_STRICT_PROTOTYPES = YES;
				CLANG_WARN_SUSPICIOUS_MOVE = YES;
				CLANG_WARN_UNREACHABLE_CODE = YES;
				CLANG_WARN__DUPLICATE_METHOD_MATCH = YES;
				ENABLE_STRICT_OBJC_MSGSEND = YES;
				GCC_C_LANGUAGE_STANDARD = c99;
				GCC_NO_COMMON_BLOCKS = YES;
				GCC_THUMB_SUPPORT = NO;
				GCC_VERSION = "";
				GCC_WARN_64_TO_32_BIT_CONVERSION = YES;
				GCC_WARN_ABOUT_RETURN_TYPE = YES;
				GCC_WARN_UNDECLARED_SELECTOR = YES;
				GCC_WARN_UNINITIALIZED_AUTOS = YES;
				GCC_WARN_UNUSED_FUNCTION = YES;
				GCC_WARN_UNUSED_VARIABLE = YES;
				SDKROOT = iphoneos;
				SKIP_INSTALL = NO;
				PRODUCT_BUNDLE_IDENTIFIER = app.cc4.philip;
				IPHONEOS_DEPLOYMENT_TARGET = 11.0;
			};
			name = Release;
		};
/* End XCBuildConfiguration section */

/* Begin XCConfigurationList section */
		1D6058960D05DD3E006BFB54 /* Build configuration list for PBXNativeTarget "CC4 Philip Morris" */ = {
			isa = XCConfigurationList;
			buildConfigurations = (
				1D6058940D05DD3E006BFB54 /* Debug */,
				1D6058950D05DD3E006BFB54 /* Release */,
			);
			defaultConfigurationIsVisible = 0;
			defaultConfigurationName = Release;
		};
		C01FCF4E08A954540054247B /* Build configuration list for PBXProject "CC4 Philip Morris" */ = {
			isa = XCConfigurationList;
			buildConfigurations = (
				C01FCF4F08A954540054247B /* Debug */,
				C01FCF5008A954540054247B /* Release */,
			);
			defaultConfigurationIsVisible = 0;
			defaultConfigurationName = Release;
		};
/* End XCConfigurationList section */
	};
	rootObject = 29B97313FDCFA39411CA2CEA /* Project object */;
}
